
Microsoft Visual Studio Solution File, Format Version 12.00
# Visual Studio Version 16
VisualStudioVersion = 16.0.29102.190
MinimumVisualStudioVersion = 10.0.40219.1
Project("{2150E333-8FDC-42A3-9474-1A3956D46DE8}") = "Common", "Common", "{E9812A9B-B75B-499E-A3A6-DC6E11147B28}"
EndProject
Project("{2150E333-8FDC-42A3-9474-1A3956D46DE8}") = "Web", "Web", "{A2C44854-F668-44A1-9463-43F62B8E75FC}"
EndProject
Project("{2150E333-8FDC-42A3-9474-1A3956D46DE8}") = "Tests", "Tests", "{6F1039DC-F1C4-4990-9E1E-4554C9E6FC80}"
EndProject
Project("{2150E333-8FDC-42A3-9474-1A3956D46DE8}") = "Data", "Data", "{C150CA03-DC48-4702-A9B8-2E1CF9D5B1D9}"
EndProject
Project("{2150E333-8FDC-42A3-9474-1A3956D46DE8}") = "Services", "Services", "{7E730594-EECD-4654-8AA2-26DD7DBA7BDD}"
EndProject
Project("{2150E333-8FDC-42A3-9474-1A3956D46DE8}") = "CodexBank", "CodexBank", "{1829DF4E-2E98-4D9B-97D7-F47494E2D330}"
EndProject
Project("{2150E333-8FDC-42A3-9474-1A3956D46DE8}") = "CodexApi", "CodexApi", "{E7198CE9-9332-4955-AEFC-11FDB64EA007}"
EndProject
Project("{9A19103F-16F7-4668-BE54-9A1E7A4F7556}") = "CodexBank.Data", "Data\CodexBank\CodexBank.Data\CodexBank.Data.csproj", "{FBC4DE6F-5F41-4B9E-83CD-7FA0DB90DA9E}"
EndProject
Project("{9A19103F-16F7-4668-BE54-9A1E7A4F7556}") = "CodexBank.Common", "Common\CodexBank.Common\CodexBank.Common.csproj", "{7CA183DF-30C8-4EA4-B00F-09F5679A30A9}"
EndProject
Project("{9A19103F-16F7-4668-BE54-9A1E7A4F7556}") = "CodexBank.Models", "Data\CodexBank\CodexBank.Models\CodexBank.Models.csproj", "{826F7495-F63B-4B9E-8371-F0803666D9A9}"
EndProject
Project("{9A19103F-16F7-4668-BE54-9A1E7A4F7556}") = "CodexBank.Web", "Web\CodexBank.Web\CodexBank.Web.csproj", "{A0691E8F-D823-41C3-B1E2-8892E651B601}"
EndProject
Project("{9A19103F-16F7-4668-BE54-9A1E7A4F7556}") = "CodexApi.Web", "Web\CodexApi.Web\CodexApi.Web.csproj", "{B24F99A3-3097-4F82-A9C4-0711721D12CA}"
EndProject
Project("{2150E333-8FDC-42A3-9474-1A3956D46DE8}") = "CodexBank", "CodexBank", "{93E15C00-7757-4A98-BE21-7270F5F02A14}"
EndProject
Project("{2150E333-8FDC-42A3-9474-1A3956D46DE8}") = "CodexApi", "CodexApi", "{2243E0EF-6BFC-4B7E-AA6C-C248470F9284}"
EndProject
Project("{9A19103F-16F7-4668-BE54-9A1E7A4F7556}") = "CodexBank.Services", "Services\CodexBank\CodexBank.Services\CodexBank.Services.csproj", "{3BA26702-4109-4A8F-B2A9-5137A9AE4063}"
EndProject
Project("{9A19103F-16F7-4668-BE54-9A1E7A4F7556}") = "CodexBank.Services.Models", "Services\CodexBank\CodexBank.Services.Models\CodexBank.Services.Models.csproj", "{84D60756-383C-4264-931D-193B28B88B30}"
EndProject
Project("{9A19103F-16F7-4668-BE54-9A1E7A4F7556}") = "CodexApi.Services", "Services\CodexApi\CodexApi.Services\CodexApi.Services.csproj", "{D2A38497-E50D-416B-86D0-DFA269941587}"
EndProject
Project("{9A19103F-16F7-4668-BE54-9A1E7A4F7556}") = "CodexApi.Data", "Data\CodexApi\CodexApi.Data\CodexApi.Data.csproj", "{C6CE4D31-36BB-4304-A9E6-CC137322591F}"
EndProject
Project("{9A19103F-16F7-4668-BE54-9A1E7A4F7556}") = "CodexApi.Models", "Data\CodexApi\CodexApi.Models\CodexApi.Models.csproj", "{D54E118F-AE45-4F21-8BFD-9D583A200D23}"
EndProject
Project("{9A19103F-16F7-4668-BE54-9A1E7A4F7556}") = "CodexApi.Services.Models", "Services\CodexApi\CodexApi.Services.Models\CodexApi.Services.Models.csproj", "{8313569E-0744-42D3-BAD6-AAD9B3190D8A}"
EndProject
Project("{9A19103F-16F7-4668-BE54-9A1E7A4F7556}") = "CodexBank.Services.Tests", "Tests\CodexBank.Services.Tests\CodexBank.Services.Tests.csproj", "{A8A253E1-152A-4CF0-9997-3B00348DFA99}"
EndProject
Project("{9A19103F-16F7-4668-BE54-9A1E7A4F7556}") = "CodexApi.Services.Tests", "Tests\CodexApi.Services.Tests\CodexApi.Services.Tests.csproj", "{97D29B9D-9DDF-4ACD-A5B4-7417CA6993C3}"
EndProject
Project("{2150E333-8FDC-42A3-9474-1A3956D46DE8}") = "DemoShop", "DemoShop", "{E9BA55BC-5A66-4674-89E4-2EC1D475FCC0}"
EndProject
Project("{9A19103F-16F7-4668-BE54-9A1E7A4F7556}") = "DemoShop.Models", "DemoShop\DemoShop.Models\DemoShop.Models.csproj", "{419B47E2-F8AE-4304-8F16-C736F71A12AC}"
EndProject
Project("{9A19103F-16F7-4668-BE54-9A1E7A4F7556}") = "DemoShop.Data", "DemoShop\DemoShop.Data\DemoShop.Data.csproj", "{8CA5F7AB-2E73-4C3F-AA79-47E3D31B07F8}"
EndProject
Project("{9A19103F-16F7-4668-BE54-9A1E7A4F7556}") = "DemoShop.Services", "DemoShop\DemoShop.Services\DemoShop.Services.csproj", "{15284820-C5D9-4E80-802A-22262E09DDBD}"
EndProject
Project("{9A19103F-16F7-4668-BE54-9A1E7A4F7556}") = "DemoShop.Services.Models", "DemoShop\DemoShop.Services.Models\DemoShop.Services.Models.csproj", "{5B4A5756-59CA-4B0B-899F-5F0FBA1BDA17}"
EndProject
Project("{9A19103F-16F7-4668-BE54-9A1E7A4F7556}") = "DemoShop.Web", "DemoShop\DemoShop.Web\DemoShop.Web.csproj", "{3F5C1739-733F-4AF9-B273-B4A4AA9DF160}"
EndProject
Project("{FAE04EC0-301F-11D3-BF4B-00C04F79EFBC}") = "TestApi.Web", "Web\TestApi.Web\TestApi.Web.csproj", "{76750532-20E2-4482-B0DF-972621DDBD69}"
EndProject
Global
	GlobalSection(SolutionConfigurationPlatforms) = preSolution
		Debug|Any CPU = Debug|Any CPU
		Release|Any CPU = Release|Any CPU
	EndGlobalSection
	GlobalSection(ProjectConfigurationPlatforms) = postSolution
		{FBC4DE6F-5F41-4B9E-83CD-7FA0DB90DA9E}.Debug|Any CPU.ActiveCfg = Debug|Any CPU
		{FBC4DE6F-5F41-4B9E-83CD-7FA0DB90DA9E}.Debug|Any CPU.Build.0 = Debug|Any CPU
		{FBC4DE6F-5F41-4B9E-83CD-7FA0DB90DA9E}.Release|Any CPU.ActiveCfg = Release|Any CPU
		{FBC4DE6F-5F41-4B9E-83CD-7FA0DB90DA9E}.Release|Any CPU.Build.0 = Release|Any CPU
		{7CA183DF-30C8-4EA4-B00F-09F5679A30A9}.Debug|Any CPU.ActiveCfg = Debug|Any CPU
		{7CA183DF-30C8-4EA4-B00F-09F5679A30A9}.Debug|Any CPU.Build.0 = Debug|Any CPU
		{7CA183DF-30C8-4EA4-B00F-09F5679A30A9}.Release|Any CPU.ActiveCfg = Release|Any CPU
		{7CA183DF-30C8-4EA4-B00F-09F5679A30A9}.Release|Any CPU.Build.0 = Release|Any CPU
		{826F7495-F63B-4B9E-8371-F0803666D9A9}.Debug|Any CPU.ActiveCfg = Debug|Any CPU
		{826F7495-F63B-4B9E-8371-F0803666D9A9}.Debug|Any CPU.Build.0 = Debug|Any CPU
		{826F7495-F63B-4B9E-8371-F0803666D9A9}.Release|Any CPU.ActiveCfg = Release|Any CPU
		{826F7495-F63B-4B9E-8371-F0803666D9A9}.Release|Any CPU.Build.0 = Release|Any CPU
		{A0691E8F-D823-41C3-B1E2-8892E651B601}.Debug|Any CPU.ActiveCfg = Debug|Any CPU
		{A0691E8F-D823-41C3-B1E2-8892E651B601}.Debug|Any CPU.Build.0 = Debug|Any CPU
		{A0691E8F-D823-41C3-B1E2-8892E651B601}.Release|Any CPU.ActiveCfg = Release|Any CPU
		{A0691E8F-D823-41C3-B1E2-8892E651B601}.Release|Any CPU.Build.0 = Release|Any CPU
		{B24F99A3-3097-4F82-A9C4-0711721D12CA}.Debug|Any CPU.ActiveCfg = Debug|Any CPU
		{B24F99A3-3097-4F82-A9C4-0711721D12CA}.Debug|Any CPU.Build.0 = Debug|Any CPU
		{B24F99A3-3097-4F82-A9C4-0711721D12CA}.Release|Any CPU.ActiveCfg = Release|Any CPU
		{B24F99A3-3097-4F82-A9C4-0711721D12CA}.Release|Any CPU.Build.0 = Release|Any CPU
		{3BA26702-4109-4A8F-B2A9-5137A9AE4063}.Debug|Any CPU.ActiveCfg = Debug|Any CPU
		{3BA26702-4109-4A8F-B2A9-5137A9AE4063}.Debug|Any CPU.Build.0 = Debug|Any CPU
		{3BA26702-4109-4A8F-B2A9-5137A9AE4063}.Release|Any CPU.ActiveCfg = Release|Any CPU
		{3BA26702-4109-4A8F-B2A9-5137A9AE4063}.Release|Any CPU.Build.0 = Release|Any CPU
		{84D60756-383C-4264-931D-193B28B88B30}.Debug|Any CPU.ActiveCfg = Debug|Any CPU
		{84D60756-383C-4264-931D-193B28B88B30}.Debug|Any CPU.Build.0 = Debug|Any CPU
		{84D60756-383C-4264-931D-193B28B88B30}.Release|Any CPU.ActiveCfg = Release|Any CPU
		{84D60756-383C-4264-931D-193B28B88B30}.Release|Any CPU.Build.0 = Release|Any CPU
		{D2A38497-E50D-416B-86D0-DFA269941587}.Debug|Any CPU.ActiveCfg = Debug|Any CPU
		{D2A38497-E50D-416B-86D0-DFA269941587}.Debug|Any CPU.Build.0 = Debug|Any CPU
		{D2A38497-E50D-416B-86D0-DFA269941587}.Release|Any CPU.ActiveCfg = Release|Any CPU
		{D2A38497-E50D-416B-86D0-DFA269941587}.Release|Any CPU.Build.0 = Release|Any CPU
		{C6CE4D31-36BB-4304-A9E6-CC137322591F}.Debug|Any CPU.ActiveCfg = Debug|Any CPU
		{C6CE4D31-36BB-4304-A9E6-CC137322591F}.Debug|Any CPU.Build.0 = Debug|Any CPU
		{C6CE4D31-36BB-4304-A9E6-CC137322591F}.Release|Any CPU.ActiveCfg = Release|Any CPU
		{C6CE4D31-36BB-4304-A9E6-CC137322591F}.Release|Any CPU.Build.0 = Release|Any CPU
		{D54E118F-AE45-4F21-8BFD-9D583A200D23}.Debug|Any CPU.ActiveCfg = Debug|Any CPU
		{D54E118F-AE45-4F21-8BFD-9D583A200D23}.Debug|Any CPU.Build.0 = Debug|Any CPU
		{D54E118F-AE45-4F21-8BFD-9D583A200D23}.Release|Any CPU.ActiveCfg = Release|Any CPU
		{D54E118F-AE45-4F21-8BFD-9D583A200D23}.Release|Any CPU.Build.0 = Release|Any CPU
		{8313569E-0744-42D3-BAD6-AAD9B3190D8A}.Debug|Any CPU.ActiveCfg = Debug|Any CPU
		{8313569E-0744-42D3-BAD6-AAD9B3190D8A}.Debug|Any CPU.Build.0 = Debug|Any CPU
		{8313569E-0744-42D3-BAD6-AAD9B3190D8A}.Release|Any CPU.ActiveCfg = Release|Any CPU
		{8313569E-0744-42D3-BAD6-AAD9B3190D8A}.Release|Any CPU.Build.0 = Release|Any CPU
		{A8A253E1-152A-4CF0-9997-3B00348DFA99}.Debug|Any CPU.ActiveCfg = Debug|Any CPU
		{A8A253E1-152A-4CF0-9997-3B00348DFA99}.Debug|Any CPU.Build.0 = Debug|Any CPU
		{A8A253E1-152A-4CF0-9997-3B00348DFA99}.Release|Any CPU.ActiveCfg = Release|Any CPU
		{A8A253E1-152A-4CF0-9997-3B00348DFA99}.Release|Any CPU.Build.0 = Release|Any CPU
		{97D29B9D-9DDF-4ACD-A5B4-7417CA6993C3}.Debug|Any CPU.ActiveCfg = Debug|Any CPU
		{97D29B9D-9DDF-4ACD-A5B4-7417CA6993C3}.Debug|Any CPU.Build.0 = Debug|Any CPU
		{97D29B9D-9DDF-4ACD-A5B4-7417CA6993C3}.Release|Any CPU.ActiveCfg = Release|Any CPU
		{97D29B9D-9DDF-4ACD-A5B4-7417CA6993C3}.Release|Any CPU.Build.0 = Release|Any CPU
		{419B47E2-F8AE-4304-8F16-C736F71A12AC}.Debug|Any CPU.ActiveCfg = Debug|Any CPU
		{419B47E2-F8AE-4304-8F16-C736F71A12AC}.Debug|Any CPU.Build.0 = Debug|Any CPU
		{419B47E2-F8AE-4304-8F16-C736F71A12AC}.Release|Any CPU.ActiveCfg = Release|Any CPU
		{419B47E2-F8AE-4304-8F16-C736F71A12AC}.Release|Any CPU.Build.0 = Release|Any CPU
		{8CA5F7AB-2E73-4C3F-AA79-47E3D31B07F8}.Debug|Any CPU.ActiveCfg = Debug|Any CPU
		{8CA5F7AB-2E73-4C3F-AA79-47E3D31B07F8}.Debug|Any CPU.Build.0 = Debug|Any CPU
		{8CA5F7AB-2E73-4C3F-AA79-47E3D31B07F8}.Release|Any CPU.ActiveCfg = Release|Any CPU
		{8CA5F7AB-2E73-4C3F-AA79-47E3D31B07F8}.Release|Any CPU.Build.0 = Release|Any CPU
		{15284820-C5D9-4E80-802A-22262E09DDBD}.Debug|Any CPU.ActiveCfg = Debug|Any CPU
		{15284820-C5D9-4E80-802A-22262E09DDBD}.Debug|Any CPU.Build.0 = Debug|Any CPU
		{15284820-C5D9-4E80-802A-22262E09DDBD}.Release|Any CPU.ActiveCfg = Release|Any CPU
		{15284820-C5D9-4E80-802A-22262E09DDBD}.Release|Any CPU.Build.0 = Release|Any CPU
		{5B4A5756-59CA-4B0B-899F-5F0FBA1BDA17}.Debug|Any CPU.ActiveCfg = Debug|Any CPU
		{5B4A5756-59CA-4B0B-899F-5F0FBA1BDA17}.Debug|Any CPU.Build.0 = Debug|Any CPU
		{5B4A5756-59CA-4B0B-899F-5F0FBA1BDA17}.Release|Any CPU.ActiveCfg = Release|Any CPU
		{5B4A5756-59CA-4B0B-899F-5F0FBA1BDA17}.Release|Any CPU.Build.0 = Release|Any CPU
		{3F5C1739-733F-4AF9-B273-B4A4AA9DF160}.Debug|Any CPU.ActiveCfg = Debug|Any CPU
		{3F5C1739-733F-4AF9-B273-B4A4AA9DF160}.Debug|Any CPU.Build.0 = Debug|Any CPU
		{3F5C1739-733F-4AF9-B273-B4A4AA9DF160}.Release|Any CPU.ActiveCfg = Release|Any CPU
		{3F5C1739-733F-4AF9-B273-B4A4AA9DF160}.Release|Any CPU.Build.0 = Release|Any CPU
		{76750532-20E2-4482-B0DF-972621DDBD69}.Debug|Any CPU.ActiveCfg = Debug|Any CPU
		{76750532-20E2-4482-B0DF-972621DDBD69}.Debug|Any CPU.Build.0 = Debug|Any CPU
		{76750532-20E2-4482-B0DF-972621DDBD69}.Release|Any CPU.ActiveCfg = Release|Any CPU
		{76750532-20E2-4482-B0DF-972621DDBD69}.Release|Any CPU.Build.0 = Release|Any CPU
	EndGlobalSection
	GlobalSection(SolutionProperties) = preSolution
		HideSolutionNode = FALSE
	EndGlobalSection
	GlobalSection(NestedProjects) = preSolution
		{1829DF4E-2E98-4D9B-97D7-F47494E2D330} = {C150CA03-DC48-4702-A9B8-2E1CF9D5B1D9}
		{E7198CE9-9332-4955-AEFC-11FDB64EA007} = {C150CA03-DC48-4702-A9B8-2E1CF9D5B1D9}
		{FBC4DE6F-5F41-4B9E-83CD-7FA0DB90DA9E} = {1829DF4E-2E98-4D9B-97D7-F47494E2D330}
		{7CA183DF-30C8-4EA4-B00F-09F5679A30A9} = {E9812A9B-B75B-499E-A3A6-DC6E11147B28}
		{826F7495-F63B-4B9E-8371-F0803666D9A9} = {1829DF4E-2E98-4D9B-97D7-F47494E2D330}
		{A0691E8F-D823-41C3-B1E2-8892E651B601} = {A2C44854-F668-44A1-9463-43F62B8E75FC}
		{B24F99A3-3097-4F82-A9C4-0711721D12CA} = {A2C44854-F668-44A1-9463-43F62B8E75FC}
		{93E15C00-7757-4A98-BE21-7270F5F02A14} = {7E730594-EECD-4654-8AA2-26DD7DBA7BDD}
		{2243E0EF-6BFC-4B7E-AA6C-C248470F9284} = {7E730594-EECD-4654-8AA2-26DD7DBA7BDD}
		{3BA26702-4109-4A8F-B2A9-5137A9AE4063} = {93E15C00-7757-4A98-BE21-7270F5F02A14}
		{84D60756-383C-4264-931D-193B28B88B30} = {93E15C00-7757-4A98-BE21-7270F5F02A14}
		{D2A38497-E50D-416B-86D0-DFA269941587} = {2243E0EF-6BFC-4B7E-AA6C-C248470F9284}
		{C6CE4D31-36BB-4304-A9E6-CC137322591F} = {E7198CE9-9332-4955-AEFC-11FDB64EA007}
		{D54E118F-AE45-4F21-8BFD-9D583A200D23} = {E7198CE9-9332-4955-AEFC-11FDB64EA007}
		{8313569E-0744-42D3-BAD6-AAD9B3190D8A} = {2243E0EF-6BFC-4B7E-AA6C-C248470F9284}
		{A8A253E1-152A-4CF0-9997-3B00348DFA99} = {6F1039DC-F1C4-4990-9E1E-4554C9E6FC80}
		{97D29B9D-9DDF-4ACD-A5B4-7417CA6993C3} = {6F1039DC-F1C4-4990-9E1E-4554C9E6FC80}
		{419B47E2-F8AE-4304-8F16-C736F71A12AC} = {E9BA55BC-5A66-4674-89E4-2EC1D475FCC0}
		{8CA5F7AB-2E73-4C3F-AA79-47E3D31B07F8} = {E9BA55BC-5A66-4674-89E4-2EC1D475FCC0}
		{15284820-C5D9-4E80-802A-22262E09DDBD} = {E9BA55BC-5A66-4674-89E4-2EC1D475FCC0}
		{5B4A5756-59CA-4B0B-899F-5F0FBA1BDA17} = {E9BA55BC-5A66-4674-89E4-2EC1D475FCC0}
		{3F5C1739-733F-4AF9-B273-B4A4AA9DF160} = {E9BA55BC-5A66-4674-89E4-2EC1D475FCC0}
		{76750532-20E2-4482-B0DF-972621DDBD69} = {A2C44854-F668-44A1-9463-43F62B8E75FC}
	EndGlobalSection
	GlobalSection(ExtensibilityGlobals) = postSolution
		SolutionGuid = {BA0F7DFD-64E3-4524-9253-8A07E53F4BE6}
	EndGlobalSection
EndGlobal
