
Microsoft Visual Studio Solution File, Format Version 12.00
# Visual Studio Version 16
VisualStudioVersion = 16.0.29102.190
MinimumVisualStudioVersion = 10.0.40219.1
Project("{2150E333-8FDC-42A3-9474-1A3956D46DE8}") = "Common", "Common", "{E9812A9B-B75B-499E-A3A6-DC6E11147B28}"
EndProject
Project("{2150E333-8FDC-42A3-9474-1A3956D46DE8}") = "Web", "Web", "{A2C44854-F668-44A1-9463-43F62B8E75FC}"
EndProject
Project("{2150E333-8FDC-42A3-9474-1A3956D46DE8}") = "Tests", "Tests", "{6F1039DC-F1C4-4990-9E1E-4554C9E6FC80}"
EndProject
Project("{2150E333-8FDC-42A3-9474-1A3956D46DE8}") = "Data", "Data", "{C150CA03-DC48-4702-A9B8-2E1CF9D5B1D9}"
EndProject
Project("{2150E333-8FDC-42A3-9474-1A3956D46DE8}") = "Services", "Services", "{7E730594-EECD-4654-8AA2-26DD7DBA7BDD}"
EndProject
Project("{2150E333-8FDC-42A3-9474-1A3956D46DE8}") = "CodexBank", "CodexBank", "{1829DF4E-2E98-4D9B-97D7-F47494E2D330}"
EndProject
Project("{2150E333-8FDC-42A3-9474-1A3956D46DE8}") = "CodexApi", "CodexApi", "{E7198CE9-9332-4955-AEFC-11FDB64EA007}"
EndProject
Project("{9A19103F-16F7-4668-BE54-9A1E7A4F7556}") = "CodexBank.Data", "Data\CodexBank\CodexBank.Data\CodexBank.Data.csproj", "{FBC4DE6F-5F41-4B9E-83CD-7FA0DB90DA9E}"
EndProject
Project("{9A19103F-16F7-4668-BE54-9A1E7A4F7556}") = "CodexBank.Common", "Common\CodexBank.Common\CodexBank.Common.csproj", "{7CA183DF-30C8-4EA4-B00F-09F5679A30A9}"
EndProject
Project("{9A19103F-16F7-4668-BE54-9A1E7A4F7556}") = "CodexBank.Models", "Data\CodexBank\CodexBank.Models\CodexBank.Models.csproj", "{826F7495-F63B-4B9E-8371-F0803666D9A9}"
EndProject
Project("{9A19103F-16F7-4668-BE54-9A1E7A4F7556}") = "CodexBank.Web", "Web\CodexBank.Web\CodexBank.Web.csproj", "{A0691E8F-D823-41C3-B1E2-8892E651B601}"
EndProject
Project("{9A19103F-16F7-4668-BE54-9A1E7A4F7556}") = "CodexApi.Web", "Web\CodexApi.Web\CodexApi.Web.csproj", "{B24F99A3-3097-4F82-A9C4-0711721D12CA}"
EndProject
Project("{2150E333-8FDC-42A3-9474-1A3956D46DE8}") = "CodexBank", "CodexBank", "{93E15C00-7757-4A98-BE21-7270F5F02A14}"
EndProject
Project("{2150E333-8FDC-42A3-9474-1A3956D46DE8}") = "CodexApi", "CodexApi", "{2243E0EF-6BFC-4B7E-AA6C-C248470F9284}"
EndProject
Project("{9A19103F-16F7-4668-BE54-9A1E7A4F7556}") = "CodexBank.Services", "Services\CodexBank\CodexBank.Services\CodexBank.Services.csproj", "{3BA26702-4109-4A8F-B2A9-5137A9AE4063}"
EndProject
Project("{9A19103F-16F7-4668-BE54-9A1E7A4F7556}") = "CodexBank.Services.Models", "Services\CodexBank\CodexBank.Services.Models\CodexBank.Services.Models.csproj", "{84D60756-383C-4264-931D-193B28B88B30}"
EndProject
Project("{FAE04EC0-301F-11D3-BF4B-00C04F79EFBC}") = "CodexApi.Services", "Services\CodexApi\CodexApi.Services\CodexApi.Services.csproj", "{D2A38497-E50D-416B-86D0-DFA269941587}"
EndProject
Global
	GlobalSection(SolutionConfigurationPlatforms) = preSolution
		Debug|Any CPU = Debug|Any CPU
		Release|Any CPU = Release|Any CPU
	EndGlobalSection
	GlobalSection(ProjectConfigurationPlatforms) = postSolution
		{FBC4DE6F-5F41-4B9E-83CD-7FA0DB90DA9E}.Debug|Any CPU.ActiveCfg = Debug|Any CPU
		{FBC4DE6F-5F41-4B9E-83CD-7FA0DB90DA9E}.Debug|Any CPU.Build.0 = Debug|Any CPU
		{FBC4DE6F-5F41-4B9E-83CD-7FA0DB90DA9E}.Release|Any CPU.ActiveCfg = Release|Any CPU
		{FBC4DE6F-5F41-4B9E-83CD-7FA0DB90DA9E}.Release|Any CPU.Build.0 = Release|Any CPU
		{7CA183DF-30C8-4EA4-B00F-09F5679A30A9}.Debug|Any CPU.ActiveCfg = Debug|Any CPU
		{7CA183DF-30C8-4EA4-B00F-09F5679A30A9}.Debug|Any CPU.Build.0 = Debug|Any CPU
		{7CA183DF-30C8-4EA4-B00F-09F5679A30A9}.Release|Any CPU.ActiveCfg = Release|Any CPU
		{7CA183DF-30C8-4EA4-B00F-09F5679A30A9}.Release|Any CPU.Build.0 = Release|Any CPU
		{826F7495-F63B-4B9E-8371-F0803666D9A9}.Debug|Any CPU.ActiveCfg = Debug|Any CPU
		{826F7495-F63B-4B9E-8371-F0803666D9A9}.Debug|Any CPU.Build.0 = Debug|Any CPU
		{826F7495-F63B-4B9E-8371-F0803666D9A9}.Release|Any CPU.ActiveCfg = Release|Any CPU
		{826F7495-F63B-4B9E-8371-F0803666D9A9}.Release|Any CPU.Build.0 = Release|Any CPU
		{A0691E8F-D823-41C3-B1E2-8892E651B601}.Debug|Any CPU.ActiveCfg = Debug|Any CPU
		{A0691E8F-D823-41C3-B1E2-8892E651B601}.Debug|Any CPU.Build.0 = Debug|Any CPU
		{A0691E8F-D823-41C3-B1E2-8892E651B601}.Release|Any CPU.ActiveCfg = Release|Any CPU
		{A0691E8F-D823-41C3-B1E2-8892E651B601}.Release|Any CPU.Build.0 = Release|Any CPU
		{B24F99A3-3097-4F82-A9C4-0711721D12CA}.Debug|Any CPU.ActiveCfg = Debug|Any CPU
		{B24F99A3-3097-4F82-A9C4-0711721D12CA}.Debug|Any CPU.Build.0 = Debug|Any CPU
		{B24F99A3-3097-4F82-A9C4-0711721D12CA}.Release|Any CPU.ActiveCfg = Release|Any CPU
		{B24F99A3-3097-4F82-A9C4-0711721D12CA}.Release|Any CPU.Build.0 = Release|Any CPU
		{3BA26702-4109-4A8F-B2A9-5137A9AE4063}.Debug|Any CPU.ActiveCfg = Debug|Any CPU
		{3BA26702-4109-4A8F-B2A9-5137A9AE4063}.Debug|Any CPU.Build.0 = Debug|Any CPU
		{3BA26702-4109-4A8F-B2A9-5137A9AE4063}.Release|Any CPU.ActiveCfg = Release|Any CPU
		{3BA26702-4109-4A8F-B2A9-5137A9AE4063}.Release|Any CPU.Build.0 = Release|Any CPU
		{84D60756-383C-4264-931D-193B28B88B30}.Debug|Any CPU.ActiveCfg = Debug|Any CPU
		{84D60756-383C-4264-931D-193B28B88B30}.Debug|Any CPU.Build.0 = Debug|Any CPU
		{84D60756-383C-4264-931D-193B28B88B30}.Release|Any CPU.ActiveCfg = Release|Any CPU
		{84D60756-383C-4264-931D-193B28B88B30}.Release|Any CPU.Build.0 = Release|Any CPU
		{D2A38497-E50D-416B-86D0-DFA269941587}.Debug|Any CPU.ActiveCfg = Debug|Any CPU
		{D2A38497-E50D-416B-86D0-DFA269941587}.Debug|Any CPU.Build.0 = Debug|Any CPU
		{D2A38497-E50D-416B-86D0-DFA269941587}.Release|Any CPU.ActiveCfg = Release|Any CPU
		{D2A38497-E50D-416B-86D0-DFA269941587}.Release|Any CPU.Build.0 = Release|Any CPU
	EndGlobalSection
	GlobalSection(SolutionProperties) = preSolution
		HideSolutionNode = FALSE
	EndGlobalSection
	GlobalSection(NestedProjects) = preSolution
		{1829DF4E-2E98-4D9B-97D7-F47494E2D330} = {C150CA03-DC48-4702-A9B8-2E1CF9D5B1D9}
		{E7198CE9-9332-4955-AEFC-11FDB64EA007} = {C150CA03-DC48-4702-A9B8-2E1CF9D5B1D9}
		{FBC4DE6F-5F41-4B9E-83CD-7FA0DB90DA9E} = {1829DF4E-2E98-4D9B-97D7-F47494E2D330}
		{7CA183DF-30C8-4EA4-B00F-09F5679A30A9} = {E9812A9B-B75B-499E-A3A6-DC6E11147B28}
		{826F7495-F63B-4B9E-8371-F0803666D9A9} = {1829DF4E-2E98-4D9B-97D7-F47494E2D330}
		{A0691E8F-D823-41C3-B1E2-8892E651B601} = {A2C44854-F668-44A1-9463-43F62B8E75FC}
		{B24F99A3-3097-4F82-A9C4-0711721D12CA} = {A2C44854-F668-44A1-9463-43F62B8E75FC}
		{93E15C00-7757-4A98-BE21-7270F5F02A14} = {7E730594-EECD-4654-8AA2-26DD7DBA7BDD}
		{2243E0EF-6BFC-4B7E-AA6C-C248470F9284} = {7E730594-EECD-4654-8AA2-26DD7DBA7BDD}
		{3BA26702-4109-4A8F-B2A9-5137A9AE4063} = {93E15C00-7757-4A98-BE21-7270F5F02A14}
		{84D60756-383C-4264-931D-193B28B88B30} = {93E15C00-7757-4A98-BE21-7270F5F02A14}
		{D2A38497-E50D-416B-86D0-DFA269941587} = {2243E0EF-6BFC-4B7E-AA6C-C248470F9284}
	EndGlobalSection
	GlobalSection(ExtensibilityGlobals) = postSolution
		SolutionGuid = {BA0F7DFD-64E3-4524-9253-8A07E53F4BE6}
	EndGlobalSection
EndGlobal
